// !$*UTF8*$!
{
	archiveVersion = 1;
	classes = {
	};
	objectVersion = 52;
	objects = {

/* Begin PBXBuildFile section */
		0B12EF1A203AD9C80058B169 /* Options.swift in Sources */ = {isa = PBXBuildFile; fileRef = 0B12EF19203AD9C80058B169 /* Options.swift */; };
		0B12EF1D203ADD230058B169 /* ScrollUtils.swift in Sources */ = {isa = PBXBuildFile; fileRef = 0B12EF1C203ADD230058B169 /* ScrollUtils.swift */; };
		0B12EF1F203ADFB10058B169 /* Interpolator.swift in Sources */ = {isa = PBXBuildFile; fileRef = 0B12EF1E203ADFB10058B169 /* Interpolator.swift */; };
		0B12EF5E203C7D650058B169 /* Logger.swift in Sources */ = {isa = PBXBuildFile; fileRef = 0B12EF5D203C7D650058B169 /* Logger.swift */; };
		0B474329258E12A200A5F8A3 /* ScrollPhase.swift in Sources */ = {isa = PBXBuildFile; fileRef = 0B474328258E12A200A5F8A3 /* ScrollPhase.swift */; };
		0B4C37AF2575E0DD00D4A390 /* IntroductionWindowController.swift in Sources */ = {isa = PBXBuildFile; fileRef = 0B4C37AE2575E0DD00D4A390 /* IntroductionWindowController.swift */; };
		0B56DE402568DFDB00B4D9AE /* Archieve.swift in Sources */ = {isa = PBXBuildFile; fileRef = 0B56DE3F2568DFDB00B4D9AE /* Archieve.swift */; };
		0B6D3B682041A790004CC064 /* WindowManager.swift in Sources */ = {isa = PBXBuildFile; fileRef = 0B6D3B672041A790004CC064 /* WindowManager.swift */; };
		0B6D3B6A2041C348004CC064 /* ScrollEvent.swift in Sources */ = {isa = PBXBuildFile; fileRef = 0B6D3B692041C348004CC064 /* ScrollEvent.swift */; };
		0B6D3B702042BBCD004CC064 /* Localizable.swift in Sources */ = {isa = PBXBuildFile; fileRef = 0B6D3B6F2042BBCD004CC064 /* Localizable.swift */; };
		0B74C441205E386D00E3F942 /* Interceptor.swift in Sources */ = {isa = PBXBuildFile; fileRef = 0B74C440205E386D00E3F942 /* Interceptor.swift */; };
		0B99C5FC2577FC9200021578 /* ScrollPoster.swift in Sources */ = {isa = PBXBuildFile; fileRef = 0B99C5FB2577FC9200021578 /* ScrollPoster.swift */; };
		0BB0F1BE20F3A04F00909B7D /* WelcomeWindowController.swift in Sources */ = {isa = PBXBuildFile; fileRef = 0BB0F1BD20F3A04F00909B7D /* WelcomeWindowController.swift */; };
		0BB0F1C020F3A05D00909B7D /* WelcomeViewController.swift in Sources */ = {isa = PBXBuildFile; fileRef = 0BB0F1BF20F3A05D00909B7D /* WelcomeViewController.swift */; };
		0BC2AD2F20F3BA090084416B /* PreferencesContributorsViewController.swift in Sources */ = {isa = PBXBuildFile; fileRef = 0BC2AD2E20F3BA090084416B /* PreferencesContributorsViewController.swift */; };
		0BD39F68204EFC6C000CCC42 /* StatusItemManager.swift in Sources */ = {isa = PBXBuildFile; fileRef = 0BD39F67204EFC6C000CCC42 /* StatusItemManager.swift */; };
		0BE4C93B20617C6E0001EA0E /* ScrollFilter.swift in Sources */ = {isa = PBXBuildFile; fileRef = 0BE4C93A20617C6E0001EA0E /* ScrollFilter.swift */; };
		0BE5A292253A1168006D61C0 /* LoginServiceKit in Frameworks */ = {isa = PBXBuildFile; productRef = 0BE5A291253A1168006D61C0 /* LoginServiceKit */; };
		0BE5A296253A119C006D61C0 /* Charts in Frameworks */ = {isa = PBXBuildFile; productRef = 0BE5A295253A119C006D61C0 /* Charts */; };
		22003C6E1E8555F0001220BC /* Utils.swift in Sources */ = {isa = PBXBuildFile; fileRef = 22003C6D1E8555F0001220BC /* Utils.swift */; };
		22142DA41E25344E00E4BFBF /* AppDelegate.swift in Sources */ = {isa = PBXBuildFile; fileRef = 22142DA31E25344E00E4BFBF /* AppDelegate.swift */; };
		22142DA61E25344E00E4BFBF /* MonitorViewController.swift in Sources */ = {isa = PBXBuildFile; fileRef = 22142DA51E25344E00E4BFBF /* MonitorViewController.swift */; };
		22142DAB1E25344E00E4BFBF /* Main.storyboard in Resources */ = {isa = PBXBuildFile; fileRef = 22142DA91E25344E00E4BFBF /* Main.storyboard */; };
		2225F8DD1E39C8D60020DD22 /* PreferencesAdvanceViewController.swift in Sources */ = {isa = PBXBuildFile; fileRef = 2225F8DC1E39C8D60020DD22 /* PreferencesAdvanceViewController.swift */; };
		2225F8E81E3B1A5C0020DD22 /* Localizable.strings in Resources */ = {isa = PBXBuildFile; fileRef = 2225F8EA1E3B1A5C0020DD22 /* Localizable.strings */; };
		2278EE991E3DF770000AB25B /* PreferencesExceptionViewController.swift in Sources */ = {isa = PBXBuildFile; fileRef = 2278EE981E3DF770000AB25B /* PreferencesExceptionViewController.swift */; };
		2278EE9D1E3DFAC8000AB25B /* ExceptionalApplication.swift in Sources */ = {isa = PBXBuildFile; fileRef = 2278EE9C1E3DFAC8000AB25B /* ExceptionalApplication.swift */; };
		2280934C1E2B5D850061A00F /* PreferencesWindowController.swift in Sources */ = {isa = PBXBuildFile; fileRef = 2280934B1E2B5D850061A00F /* PreferencesWindowController.swift */; };
		228093501E2B5DA90061A00F /* PreferencesGeneralViewController.swift in Sources */ = {isa = PBXBuildFile; fileRef = 2280934F1E2B5DA90061A00F /* PreferencesGeneralViewController.swift */; };
		22816CFF1E2B31020020D6B1 /* MonitorWindowController.swift in Sources */ = {isa = PBXBuildFile; fileRef = 22816CFE1E2B31020020D6B1 /* MonitorWindowController.swift */; };
		2291A8A31E2A5400004181B8 /* ScrollCore.swift in Sources */ = {isa = PBXBuildFile; fileRef = 2291A8A21E2A5400004181B8 /* ScrollCore.swift */; };
		22937B091E3B657600A45C1D /* PreferencesDonateViewController.swift in Sources */ = {isa = PBXBuildFile; fileRef = 22937B081E3B657600A45C1D /* PreferencesDonateViewController.swift */; };
		22A32B331E334B2E00A5CF38 /* PreferencesAboutViewController.swift in Sources */ = {isa = PBXBuildFile; fileRef = 22A32B321E334B2E00A5CF38 /* PreferencesAboutViewController.swift */; };
		22A32B381E334B4300A5CF38 /* PreferencesUpdatesViewController.swift in Sources */ = {isa = PBXBuildFile; fileRef = 22A32B361E334B4300A5CF38 /* PreferencesUpdatesViewController.swift */; };
		22F4EFEF1E325C36009EED31 /* PreferencesTabViewController.swift in Sources */ = {isa = PBXBuildFile; fileRef = 22F4EFEE1E325C36009EED31 /* PreferencesTabViewController.swift */; };
		232E50A7236B372100265C58 /* PreferencesAdvanceWithApplicationViewController.swift in Sources */ = {isa = PBXBuildFile; fileRef = 232E50A6236B372100265C58 /* PreferencesAdvanceWithApplicationViewController.swift */; };
		23399B58237EDC17004935CA /* IntroductionViewController.swift in Sources */ = {isa = PBXBuildFile; fileRef = 23399B57237EDC17004935CA /* IntroductionViewController.swift */; };
		234B5EB723506D1F00233097 /* StatusItemMainPanelViewController.swift in Sources */ = {isa = PBXBuildFile; fileRef = 234B5EB623506D1F00233097 /* StatusItemMainPanelViewController.swift */; };
		23529E0C237087A400806D92 /* Assets.xcassets in Resources */ = {isa = PBXBuildFile; fileRef = 23529E0B237087A400806D92 /* Assets.xcassets */; };
		236B69B1224B79B100DEF435 /* EnhanceArray.swift in Sources */ = {isa = PBXBuildFile; fileRef = 236B69B0224B79B100DEF435 /* EnhanceArray.swift */; };
		2391FB322354D59500ECC8C7 /* StatusItemMainPanelView.swift in Sources */ = {isa = PBXBuildFile; fileRef = 2391FB312354D59500ECC8C7 /* StatusItemMainPanelView.swift */; };
		2399BFD8222CDB7D008FA807 /* Constants.swift in Sources */ = {isa = PBXBuildFile; fileRef = 2399BFD7222CDB7D008FA807 /* Constants.swift */; };
		239E851123562C34006DE0B0 /* StatusItemPopoverViewContentView.swift in Sources */ = {isa = PBXBuildFile; fileRef = 239E851023562C34006DE0B0 /* StatusItemPopoverViewContentView.swift */; };
		23BB4D2D21D7512F009B51E9 /* StatusItemPopoverViewController.swift in Sources */ = {isa = PBXBuildFile; fileRef = 23BB4D2C21D7512F009B51E9 /* StatusItemPopoverViewController.swift */; };
		23BB4D2F21D754D3009B51E9 /* PopoverManager.swift in Sources */ = {isa = PBXBuildFile; fileRef = 23BB4D2E21D754D3009B51E9 /* PopoverManager.swift */; };
		23BB4D3121D775D4009B51E9 /* EventMonitor.swift in Sources */ = {isa = PBXBuildFile; fileRef = 23BB4D3021D775D4009B51E9 /* EventMonitor.swift */; };
		23E3C96D21DCE8F10098B107 /* StatusItemPopoverView.swift in Sources */ = {isa = PBXBuildFile; fileRef = 23E3C96C21DCE8F10098B107 /* StatusItemPopoverView.swift */; };
		23E9673F23613D1100E652F6 /* PreferencesExceptionInputViewController.swift in Sources */ = {isa = PBXBuildFile; fileRef = 23E9673E23613D1100E652F6 /* PreferencesExceptionInputViewController.swift */; };
/* End PBXBuildFile section */

/* Begin PBXFileReference section */
		0B0D5B5A2066195A0077C2AC /* ja */ = {isa = PBXFileReference; lastKnownFileType = text.plist.strings; name = ja; path = ja.lproj/Main.strings; sourceTree = "<group>"; };
		0B0D5B5C206619680077C2AC /* zh-Hant */ = {isa = PBXFileReference; lastKnownFileType = text.plist.strings; name = "zh-Hant"; path = "zh-Hant.lproj/Main.strings"; sourceTree = "<group>"; };
		0B0D5B5D2066197B0077C2AC /* ja */ = {isa = PBXFileReference; lastKnownFileType = text.plist.strings; name = ja; path = ja.lproj/Localizable.strings; sourceTree = "<group>"; };
		0B0D5B5E2066197E0077C2AC /* zh-Hant */ = {isa = PBXFileReference; lastKnownFileType = text.plist.strings; name = "zh-Hant"; path = "zh-Hant.lproj/Localizable.strings"; sourceTree = "<group>"; };
		0B0D5B60206630E80077C2AC /* en */ = {isa = PBXFileReference; lastKnownFileType = text.plist.strings; name = en; path = en.lproj/Main.strings; sourceTree = "<group>"; };
		0B0D5B61206630EE0077C2AC /* en */ = {isa = PBXFileReference; lastKnownFileType = text.plist.strings; name = en; path = en.lproj/Localizable.strings; sourceTree = "<group>"; };
		0B12EF19203AD9C80058B169 /* Options.swift */ = {isa = PBXFileReference; lastKnownFileType = sourcecode.swift; path = Options.swift; sourceTree = "<group>"; };
		0B12EF1C203ADD230058B169 /* ScrollUtils.swift */ = {isa = PBXFileReference; lastKnownFileType = sourcecode.swift; path = ScrollUtils.swift; sourceTree = "<group>"; };
		0B12EF1E203ADFB10058B169 /* Interpolator.swift */ = {isa = PBXFileReference; lastKnownFileType = sourcecode.swift; path = Interpolator.swift; sourceTree = "<group>"; };
		0B12EF5D203C7D650058B169 /* Logger.swift */ = {isa = PBXFileReference; lastKnownFileType = sourcecode.swift; path = Logger.swift; sourceTree = "<group>"; };
		0B474328258E12A200A5F8A3 /* ScrollPhase.swift */ = {isa = PBXFileReference; lastKnownFileType = sourcecode.swift; path = ScrollPhase.swift; sourceTree = "<group>"; };
		0B4C37AE2575E0DD00D4A390 /* IntroductionWindowController.swift */ = {isa = PBXFileReference; fileEncoding = 4; lastKnownFileType = sourcecode.swift; path = IntroductionWindowController.swift; sourceTree = "<group>"; };
		0B56DE3F2568DFDB00B4D9AE /* Archieve.swift */ = {isa = PBXFileReference; lastKnownFileType = sourcecode.swift; path = Archieve.swift; sourceTree = "<group>"; };
		0B6D3B672041A790004CC064 /* WindowManager.swift */ = {isa = PBXFileReference; lastKnownFileType = sourcecode.swift; path = WindowManager.swift; sourceTree = "<group>"; };
		0B6D3B692041C348004CC064 /* ScrollEvent.swift */ = {isa = PBXFileReference; lastKnownFileType = sourcecode.swift; path = ScrollEvent.swift; sourceTree = "<group>"; };
		0B6D3B6F2042BBCD004CC064 /* Localizable.swift */ = {isa = PBXFileReference; lastKnownFileType = sourcecode.swift; path = Localizable.swift; sourceTree = "<group>"; };
		0B6EC89125E8CFFB0073A50B /* zh-Hant-TW */ = {isa = PBXFileReference; lastKnownFileType = text.plist.strings; name = "zh-Hant-TW"; path = "zh-Hant-TW.lproj/Main.strings"; sourceTree = "<group>"; };
		0B6EC89225E8CFFB0073A50B /* zh-Hant-TW */ = {isa = PBXFileReference; lastKnownFileType = text.plist.strings; name = "zh-Hant-TW"; path = "zh-Hant-TW.lproj/Localizable.strings"; sourceTree = "<group>"; };
		0B6EC89325E8D0160073A50B /* zh-Hant-HK */ = {isa = PBXFileReference; lastKnownFileType = text.plist.strings; name = "zh-Hant-HK"; path = "zh-Hant-HK.lproj/Main.strings"; sourceTree = "<group>"; };
		0B6EC89425E8D0160073A50B /* zh-Hant-HK */ = {isa = PBXFileReference; lastKnownFileType = text.plist.strings; name = "zh-Hant-HK"; path = "zh-Hant-HK.lproj/Localizable.strings"; sourceTree = "<group>"; };
		0B74C440205E386D00E3F942 /* Interceptor.swift */ = {isa = PBXFileReference; lastKnownFileType = sourcecode.swift; path = Interceptor.swift; sourceTree = "<group>"; };
		0B7C970A253F1C0200B26AF3 /* de */ = {isa = PBXFileReference; lastKnownFileType = text.plist.strings; name = de; path = de.lproj/Main.strings; sourceTree = "<group>"; };
		0B7C970B253F1C0300B26AF3 /* de */ = {isa = PBXFileReference; lastKnownFileType = text.plist.strings; name = de; path = de.lproj/Localizable.strings; sourceTree = "<group>"; };
		0B99C5FB2577FC9200021578 /* ScrollPoster.swift */ = {isa = PBXFileReference; lastKnownFileType = sourcecode.swift; path = ScrollPoster.swift; sourceTree = "<group>"; };
		0BAC4070251651BC00E8A1FD /* tr */ = {isa = PBXFileReference; lastKnownFileType = text.plist.strings; name = tr; path = tr.lproj/Main.strings; sourceTree = "<group>"; };
		0BAC4071251651BC00E8A1FD /* tr */ = {isa = PBXFileReference; lastKnownFileType = text.plist.strings; name = tr; path = tr.lproj/Localizable.strings; sourceTree = "<group>"; };
		0BAC4072251654C500E8A1FD /* ko */ = {isa = PBXFileReference; lastKnownFileType = text.plist.strings; name = ko; path = ko.lproj/Main.strings; sourceTree = "<group>"; };
		0BAC4073251654C500E8A1FD /* ko */ = {isa = PBXFileReference; lastKnownFileType = text.plist.strings; name = ko; path = ko.lproj/Localizable.strings; sourceTree = "<group>"; };
		0BB0F1BD20F3A04F00909B7D /* WelcomeWindowController.swift */ = {isa = PBXFileReference; lastKnownFileType = sourcecode.swift; path = WelcomeWindowController.swift; sourceTree = "<group>"; };
		0BB0F1BF20F3A05D00909B7D /* WelcomeViewController.swift */ = {isa = PBXFileReference; lastKnownFileType = sourcecode.swift; path = WelcomeViewController.swift; sourceTree = "<group>"; };
		0BC2AD2E20F3BA090084416B /* PreferencesContributorsViewController.swift */ = {isa = PBXFileReference; lastKnownFileType = sourcecode.swift; path = PreferencesContributorsViewController.swift; sourceTree = "<group>"; };
		0BD39F67204EFC6C000CCC42 /* StatusItemManager.swift */ = {isa = PBXFileReference; lastKnownFileType = sourcecode.swift; path = StatusItemManager.swift; sourceTree = "<group>"; };
		0BE4C93A20617C6E0001EA0E /* ScrollFilter.swift */ = {isa = PBXFileReference; lastKnownFileType = sourcecode.swift; path = ScrollFilter.swift; sourceTree = "<group>"; };
		22003C6D1E8555F0001220BC /* Utils.swift */ = {isa = PBXFileReference; fileEncoding = 4; lastKnownFileType = sourcecode.swift; path = Utils.swift; sourceTree = "<group>"; };
		22142DA01E25344E00E4BFBF /* Mos.app */ = {isa = PBXFileReference; explicitFileType = wrapper.application; includeInIndex = 0; path = Mos.app; sourceTree = BUILT_PRODUCTS_DIR; };
		22142DA31E25344E00E4BFBF /* AppDelegate.swift */ = {isa = PBXFileReference; lastKnownFileType = sourcecode.swift; path = AppDelegate.swift; sourceTree = "<group>"; };
		22142DA51E25344E00E4BFBF /* MonitorViewController.swift */ = {isa = PBXFileReference; lastKnownFileType = sourcecode.swift; path = MonitorViewController.swift; sourceTree = "<group>"; };
		22142DAA1E25344E00E4BFBF /* Base */ = {isa = PBXFileReference; lastKnownFileType = file.storyboard; name = Base; path = Base.lproj/Main.storyboard; sourceTree = "<group>"; };
		22142DAC1E25344E00E4BFBF /* Info.plist */ = {isa = PBXFileReference; lastKnownFileType = text.plist.xml; path = Info.plist; sourceTree = "<group>"; };
		2225F8DC1E39C8D60020DD22 /* PreferencesAdvanceViewController.swift */ = {isa = PBXFileReference; fileEncoding = 4; lastKnownFileType = sourcecode.swift; path = PreferencesAdvanceViewController.swift; sourceTree = "<group>"; };
		2225F8EB1E3B1A610020DD22 /* zh-Hans */ = {isa = PBXFileReference; lastKnownFileType = text.plist.strings; name = "zh-Hans"; path = "zh-Hans.lproj/Localizable.strings"; sourceTree = "<group>"; };
		2278EE981E3DF770000AB25B /* PreferencesExceptionViewController.swift */ = {isa = PBXFileReference; fileEncoding = 4; lastKnownFileType = sourcecode.swift; path = PreferencesExceptionViewController.swift; sourceTree = "<group>"; };
		2278EE9C1E3DFAC8000AB25B /* ExceptionalApplication.swift */ = {isa = PBXFileReference; fileEncoding = 4; lastKnownFileType = sourcecode.swift; path = ExceptionalApplication.swift; sourceTree = "<group>"; };
		2280934B1E2B5D850061A00F /* PreferencesWindowController.swift */ = {isa = PBXFileReference; fileEncoding = 4; lastKnownFileType = sourcecode.swift; path = PreferencesWindowController.swift; sourceTree = "<group>"; };
		2280934F1E2B5DA90061A00F /* PreferencesGeneralViewController.swift */ = {isa = PBXFileReference; fileEncoding = 4; lastKnownFileType = sourcecode.swift; path = PreferencesGeneralViewController.swift; sourceTree = "<group>"; };
		22816CFE1E2B31020020D6B1 /* MonitorWindowController.swift */ = {isa = PBXFileReference; fileEncoding = 4; lastKnownFileType = sourcecode.swift; path = MonitorWindowController.swift; sourceTree = "<group>"; };
		2291A8A21E2A5400004181B8 /* ScrollCore.swift */ = {isa = PBXFileReference; fileEncoding = 4; lastKnownFileType = sourcecode.swift; path = ScrollCore.swift; sourceTree = "<group>"; };
		22937B081E3B657600A45C1D /* PreferencesDonateViewController.swift */ = {isa = PBXFileReference; fileEncoding = 4; lastKnownFileType = sourcecode.swift; path = PreferencesDonateViewController.swift; sourceTree = "<group>"; };
		2295D8251E40540200054A5C /* zh-Hans */ = {isa = PBXFileReference; lastKnownFileType = text.plist.strings; name = "zh-Hans"; path = "zh-Hans.lproj/Main.strings"; sourceTree = "<group>"; };
		22A32B321E334B2E00A5CF38 /* PreferencesAboutViewController.swift */ = {isa = PBXFileReference; fileEncoding = 4; lastKnownFileType = sourcecode.swift; path = PreferencesAboutViewController.swift; sourceTree = "<group>"; };
		22A32B361E334B4300A5CF38 /* PreferencesUpdatesViewController.swift */ = {isa = PBXFileReference; fileEncoding = 4; lastKnownFileType = sourcecode.swift; path = PreferencesUpdatesViewController.swift; sourceTree = "<group>"; };
		22F4EFEE1E325C36009EED31 /* PreferencesTabViewController.swift */ = {isa = PBXFileReference; fileEncoding = 4; lastKnownFileType = sourcecode.swift; path = PreferencesTabViewController.swift; sourceTree = "<group>"; };
		232E50A6236B372100265C58 /* PreferencesAdvanceWithApplicationViewController.swift */ = {isa = PBXFileReference; lastKnownFileType = sourcecode.swift; path = PreferencesAdvanceWithApplicationViewController.swift; sourceTree = "<group>"; };
		23399B57237EDC17004935CA /* IntroductionViewController.swift */ = {isa = PBXFileReference; lastKnownFileType = sourcecode.swift; path = IntroductionViewController.swift; sourceTree = "<group>"; };
		234B5EB623506D1F00233097 /* StatusItemMainPanelViewController.swift */ = {isa = PBXFileReference; lastKnownFileType = sourcecode.swift; path = StatusItemMainPanelViewController.swift; sourceTree = "<group>"; };
		23529E0B237087A400806D92 /* Assets.xcassets */ = {isa = PBXFileReference; lastKnownFileType = folder.assetcatalog; path = Assets.xcassets; sourceTree = "<group>"; };
		236B69B0224B79B100DEF435 /* EnhanceArray.swift */ = {isa = PBXFileReference; lastKnownFileType = sourcecode.swift; path = EnhanceArray.swift; sourceTree = "<group>"; };
		2391FB312354D59500ECC8C7 /* StatusItemMainPanelView.swift */ = {isa = PBXFileReference; lastKnownFileType = sourcecode.swift; path = StatusItemMainPanelView.swift; sourceTree = "<group>"; };
		2399BFD7222CDB7D008FA807 /* Constants.swift */ = {isa = PBXFileReference; lastKnownFileType = sourcecode.swift; path = Constants.swift; sourceTree = "<group>"; };
		239E851023562C34006DE0B0 /* StatusItemPopoverViewContentView.swift */ = {isa = PBXFileReference; lastKnownFileType = sourcecode.swift; path = StatusItemPopoverViewContentView.swift; sourceTree = "<group>"; };
		23A61CF9230EF4BC00621E52 /* ru */ = {isa = PBXFileReference; lastKnownFileType = text.plist.strings; name = ru; path = ru.lproj/Main.strings; sourceTree = "<group>"; };
		23A61CFA230EF4BC00621E52 /* ru */ = {isa = PBXFileReference; lastKnownFileType = text.plist.strings; name = ru; path = ru.lproj/Localizable.strings; sourceTree = "<group>"; };
		23BB4D2C21D7512F009B51E9 /* StatusItemPopoverViewController.swift */ = {isa = PBXFileReference; lastKnownFileType = sourcecode.swift; path = StatusItemPopoverViewController.swift; sourceTree = "<group>"; };
		23BB4D2E21D754D3009B51E9 /* PopoverManager.swift */ = {isa = PBXFileReference; lastKnownFileType = sourcecode.swift; path = PopoverManager.swift; sourceTree = "<group>"; };
		23BB4D3021D775D4009B51E9 /* EventMonitor.swift */ = {isa = PBXFileReference; lastKnownFileType = sourcecode.swift; path = EventMonitor.swift; sourceTree = "<group>"; };
		23E3C96C21DCE8F10098B107 /* StatusItemPopoverView.swift */ = {isa = PBXFileReference; lastKnownFileType = sourcecode.swift; path = StatusItemPopoverView.swift; sourceTree = "<group>"; };
		23E9673E23613D1100E652F6 /* PreferencesExceptionInputViewController.swift */ = {isa = PBXFileReference; lastKnownFileType = sourcecode.swift; path = PreferencesExceptionInputViewController.swift; sourceTree = "<group>"; };
/* End PBXFileReference section */

/* Begin PBXFrameworksBuildPhase section */
		22142D9D1E25344E00E4BFBF /* Frameworks */ = {
			isa = PBXFrameworksBuildPhase;
			buildActionMask = 2147483647;
			files = (
				0BE5A292253A1168006D61C0 /* LoginServiceKit in Frameworks */,
				0BE5A296253A119C006D61C0 /* Charts in Frameworks */,
			);
			runOnlyForDeploymentPostprocessing = 0;
		};
/* End PBXFrameworksBuildPhase section */

/* Begin PBXGroup section */
		0B12EF1B203ADD0B0058B169 /* ScrollCore */ = {
			isa = PBXGroup;
			children = (
				2291A8A21E2A5400004181B8 /* ScrollCore.swift */,
				0B12EF1C203ADD230058B169 /* ScrollUtils.swift */,
				0BE4C93A20617C6E0001EA0E /* ScrollFilter.swift */,
				0B6D3B692041C348004CC064 /* ScrollEvent.swift */,
				0B474328258E12A200A5F8A3 /* ScrollPhase.swift */,
				0B99C5FB2577FC9200021578 /* ScrollPoster.swift */,
				0B12EF1E203ADFB10058B169 /* Interpolator.swift */,
			);
			path = ScrollCore;
			sourceTree = "<group>";
		};
		0B12EF20203AE0E00058B169 /* MonitorWindow */ = {
			isa = PBXGroup;
			children = (
				22142DA51E25344E00E4BFBF /* MonitorViewController.swift */,
				22816CFE1E2B31020020D6B1 /* MonitorWindowController.swift */,
			);
			path = MonitorWindow;
			sourceTree = "<group>";
		};
		0B12EF21203AE0F50058B169 /* PreferencesWindow */ = {
			isa = PBXGroup;
			children = (
				0BC2AD2E20F3BA090084416B /* PreferencesContributorsViewController.swift */,
				22937B081E3B657600A45C1D /* PreferencesDonateViewController.swift */,
				22A32B321E334B2E00A5CF38 /* PreferencesAboutViewController.swift */,
				22A32B361E334B4300A5CF38 /* PreferencesUpdatesViewController.swift */,
				2278EE981E3DF770000AB25B /* PreferencesExceptionViewController.swift */,
				23E9673E23613D1100E652F6 /* PreferencesExceptionInputViewController.swift */,
				2225F8DC1E39C8D60020DD22 /* PreferencesAdvanceViewController.swift */,
				232E50A6236B372100265C58 /* PreferencesAdvanceWithApplicationViewController.swift */,
				2280934F1E2B5DA90061A00F /* PreferencesGeneralViewController.swift */,
				22F4EFEE1E325C36009EED31 /* PreferencesTabViewController.swift */,
				2280934B1E2B5D850061A00F /* PreferencesWindowController.swift */,
			);
			path = PreferencesWindow;
			sourceTree = "<group>";
		};
		0B12EF28203AE2E00058B169 /* Localization */ = {
			isa = PBXGroup;
			children = (
				0B6D3B6F2042BBCD004CC064 /* Localizable.swift */,
				2225F8EA1E3B1A5C0020DD22 /* Localizable.strings */,
			);
			path = Localization;
			sourceTree = "<group>";
		};
		0B12EF5B203C3D510058B169 /* Options */ = {
			isa = PBXGroup;
			children = (
				0B12EF19203AD9C80058B169 /* Options.swift */,
				2278EE9C1E3DFAC8000AB25B /* ExceptionalApplication.swift */,
			);
			path = Options;
			sourceTree = "<group>";
		};
		0B6D3B6420419EF5004CC064 /* Utils */ = {
			isa = PBXGroup;
			children = (
				22003C6D1E8555F0001220BC /* Utils.swift */,
				0B12EF5D203C7D650058B169 /* Logger.swift */,
				0B56DE3F2568DFDB00B4D9AE /* Archieve.swift */,
				2399BFD7222CDB7D008FA807 /* Constants.swift */,
				0B74C440205E386D00E3F942 /* Interceptor.swift */,
				23BB4D3021D775D4009B51E9 /* EventMonitor.swift */,
				236B69B0224B79B100DEF435 /* EnhanceArray.swift */,
			);
			path = Utils;
			sourceTree = "<group>";
		};
		0B74C43D205E364A00E3F942 /* Managers */ = {
			isa = PBXGroup;
			children = (
				0B6D3B672041A790004CC064 /* WindowManager.swift */,
				23BB4D2E21D754D3009B51E9 /* PopoverManager.swift */,
				0BD39F67204EFC6C000CCC42 /* StatusItemManager.swift */,
			);
			path = Managers;
			sourceTree = "<group>";
		};
		0BB0F1BC20F39FFB00909B7D /* WelcomeWindow */ = {
			isa = PBXGroup;
			children = (
				0BB0F1BF20F3A05D00909B7D /* WelcomeViewController.swift */,
				0BB0F1BD20F3A04F00909B7D /* WelcomeWindowController.swift */,
			);
			path = WelcomeWindow;
			sourceTree = "<group>";
		};
		22142D971E25344E00E4BFBF = {
			isa = PBXGroup;
			children = (
				22142DA21E25344E00E4BFBF /* Mos */,
				22142DA11E25344E00E4BFBF /* Products */,
			);
			sourceTree = "<group>";
		};
		22142DA11E25344E00E4BFBF /* Products */ = {
			isa = PBXGroup;
			children = (
				22142DA01E25344E00E4BFBF /* Mos.app */,
			);
			name = Products;
			sourceTree = "<group>";
		};
		22142DA21E25344E00E4BFBF /* Mos */ = {
			isa = PBXGroup;
			children = (
				22142DA31E25344E00E4BFBF /* AppDelegate.swift */,
				0B6D3B6420419EF5004CC064 /* Utils */,
				0B12EF5B203C3D510058B169 /* Options */,
				23D707B12191601A007B5325 /* Windows */,
				23BB4D2921D7504C009B51E9 /* Popovers */,
				0B74C43D205E364A00E3F942 /* Managers */,
				0B12EF1B203ADD0B0058B169 /* ScrollCore */,
				0B12EF28203AE2E00058B169 /* Localization */,
				22142DA91E25344E00E4BFBF /* Main.storyboard */,
				23529E0B237087A400806D92 /* Assets.xcassets */,
				22142DAC1E25344E00E4BFBF /* Info.plist */,
			);
			path = Mos;
			sourceTree = "<group>";
		};
		23399B54237ED87F004935CA /* IntroductionWindow */ = {
			isa = PBXGroup;
			children = (
				23399B57237EDC17004935CA /* IntroductionViewController.swift */,
				0B4C37AE2575E0DD00D4A390 /* IntroductionWindowController.swift */,
			);
			path = IntroductionWindow;
			sourceTree = "<group>";
		};
		23BB4D2821D74FFA009B51E9 /* StatusItemPopover */ = {
			isa = PBXGroup;
			children = (
				23BB4D2C21D7512F009B51E9 /* StatusItemPopoverViewController.swift */,
				23E3C96C21DCE8F10098B107 /* StatusItemPopoverView.swift */,
				239E851023562C34006DE0B0 /* StatusItemPopoverViewContentView.swift */,
			);
			path = StatusItemPopover;
			sourceTree = "<group>";
		};
		23BB4D2921D7504C009B51E9 /* Popovers */ = {
			isa = PBXGroup;
			children = (
				23BB4D2821D74FFA009B51E9 /* StatusItemPopover */,
				23D52226235053AD004FB4BB /* StatusItemMainPanel */,
			);
			path = Popovers;
			sourceTree = "<group>";
		};
		23D52226235053AD004FB4BB /* StatusItemMainPanel */ = {
			isa = PBXGroup;
			children = (
				234B5EB623506D1F00233097 /* StatusItemMainPanelViewController.swift */,
				2391FB312354D59500ECC8C7 /* StatusItemMainPanelView.swift */,
			);
			path = StatusItemMainPanel;
			sourceTree = "<group>";
		};
		23D707B12191601A007B5325 /* Windows */ = {
			isa = PBXGroup;
			children = (
				23399B54237ED87F004935CA /* IntroductionWindow */,
				0BB0F1BC20F39FFB00909B7D /* WelcomeWindow */,
				0B12EF20203AE0E00058B169 /* MonitorWindow */,
				0B12EF21203AE0F50058B169 /* PreferencesWindow */,
			);
			path = Windows;
			sourceTree = "<group>";
		};
/* End PBXGroup section */

/* Begin PBXNativeTarget section */
		22142D9F1E25344E00E4BFBF /* Mos */ = {
			isa = PBXNativeTarget;
			buildConfigurationList = 22142DC51E25344F00E4BFBF /* Build configuration list for PBXNativeTarget "Mos" */;
			buildPhases = (
				22142D9C1E25344E00E4BFBF /* Sources */,
				22142D9D1E25344E00E4BFBF /* Frameworks */,
				22142D9E1E25344E00E4BFBF /* Resources */,
			);
			buildRules = (
			);
			dependencies = (
			);
			name = Mos;
			packageProductDependencies = (
				0BE5A291253A1168006D61C0 /* LoginServiceKit */,
				0BE5A295253A119C006D61C0 /* Charts */,
			);
			productName = Mos;
			productReference = 22142DA01E25344E00E4BFBF /* Mos.app */;
			productType = "com.apple.product-type.application";
		};
/* End PBXNativeTarget section */

/* Begin PBXProject section */
		22142D981E25344E00E4BFBF /* Project object */ = {
			isa = PBXProject;
			attributes = {
				LastSwiftUpdateCheck = 0930;
				LastUpgradeCheck = 1340;
				ORGANIZATIONNAME = Caldis;
				TargetAttributes = {
					22142D9F1E25344E00E4BFBF = {
						CreatedOnToolsVersion = 8.2.1;
						LastSwiftMigration = 1020;
						SystemCapabilities = {
							com.apple.HardenedRuntime = {
								enabled = 0;
							};
							com.apple.Sandbox = {
								enabled = 0;
							};
						};
					};
				};
			};
			buildConfigurationList = 22142D9B1E25344E00E4BFBF /* Build configuration list for PBXProject "Mos" */;
			compatibilityVersion = "Xcode 8.0";
			developmentRegion = en;
			hasScannedForEncodings = 0;
			knownRegions = (
				Base,
				"zh-Hans",
				ja,
				"zh-Hant",
				en,
				ru,
				tr,
				ko,
				de,
				"zh-Hant-TW",
				"zh-Hant-HK",
			);
			mainGroup = 22142D971E25344E00E4BFBF;
			packageReferences = (
				0BE5A290253A1168006D61C0 /* XCRemoteSwiftPackageReference "LoginServiceKit" */,
				0BE5A294253A119C006D61C0 /* XCRemoteSwiftPackageReference "Charts" */,
			);
			productRefGroup = 22142DA11E25344E00E4BFBF /* Products */;
			projectDirPath = "";
			projectRoot = "";
			targets = (
				22142D9F1E25344E00E4BFBF /* Mos */,
			);
		};
/* End PBXProject section */

/* Begin PBXResourcesBuildPhase section */
		22142D9E1E25344E00E4BFBF /* Resources */ = {
			isa = PBXResourcesBuildPhase;
			buildActionMask = 2147483647;
			files = (
				23529E0C237087A400806D92 /* Assets.xcassets in Resources */,
				22142DAB1E25344E00E4BFBF /* Main.storyboard in Resources */,
				2225F8E81E3B1A5C0020DD22 /* Localizable.strings in Resources */,
			);
			runOnlyForDeploymentPostprocessing = 0;
		};
/* End PBXResourcesBuildPhase section */

/* Begin PBXSourcesBuildPhase section */
		22142D9C1E25344E00E4BFBF /* Sources */ = {
			isa = PBXSourcesBuildPhase;
			buildActionMask = 2147483647;
			files = (
				23399B58237EDC17004935CA /* IntroductionViewController.swift in Sources */,
				2225F8DD1E39C8D60020DD22 /* PreferencesAdvanceViewController.swift in Sources */,
				2399BFD8222CDB7D008FA807 /* Constants.swift in Sources */,
				23E3C96D21DCE8F10098B107 /* StatusItemPopoverView.swift in Sources */,
				0BB0F1C020F3A05D00909B7D /* WelcomeViewController.swift in Sources */,
				2280934C1E2B5D850061A00F /* PreferencesWindowController.swift in Sources */,
				0B6D3B6A2041C348004CC064 /* ScrollEvent.swift in Sources */,
				2291A8A31E2A5400004181B8 /* ScrollCore.swift in Sources */,
				0B474329258E12A200A5F8A3 /* ScrollPhase.swift in Sources */,
				22A32B381E334B4300A5CF38 /* PreferencesUpdatesViewController.swift in Sources */,
				0B12EF5E203C7D650058B169 /* Logger.swift in Sources */,
				0B6D3B702042BBCD004CC064 /* Localizable.swift in Sources */,
				0BC2AD2F20F3BA090084416B /* PreferencesContributorsViewController.swift in Sources */,
				0B12EF1F203ADFB10058B169 /* Interpolator.swift in Sources */,
				2391FB322354D59500ECC8C7 /* StatusItemMainPanelView.swift in Sources */,
				23BB4D2F21D754D3009B51E9 /* PopoverManager.swift in Sources */,
				0B74C441205E386D00E3F942 /* Interceptor.swift in Sources */,
				0B4C37AF2575E0DD00D4A390 /* IntroductionWindowController.swift in Sources */,
				22937B091E3B657600A45C1D /* PreferencesDonateViewController.swift in Sources */,
				239E851123562C34006DE0B0 /* StatusItemPopoverViewContentView.swift in Sources */,
				23BB4D2D21D7512F009B51E9 /* StatusItemPopoverViewController.swift in Sources */,
				23BB4D3121D775D4009B51E9 /* EventMonitor.swift in Sources */,
				0B99C5FC2577FC9200021578 /* ScrollPoster.swift in Sources */,
				22816CFF1E2B31020020D6B1 /* MonitorWindowController.swift in Sources */,
				234B5EB723506D1F00233097 /* StatusItemMainPanelViewController.swift in Sources */,
				22F4EFEF1E325C36009EED31 /* PreferencesTabViewController.swift in Sources */,
				22003C6E1E8555F0001220BC /* Utils.swift in Sources */,
				22142DA61E25344E00E4BFBF /* MonitorViewController.swift in Sources */,
				2278EE991E3DF770000AB25B /* PreferencesExceptionViewController.swift in Sources */,
				0BD39F68204EFC6C000CCC42 /* StatusItemManager.swift in Sources */,
				23E9673F23613D1100E652F6 /* PreferencesExceptionInputViewController.swift in Sources */,
				232E50A7236B372100265C58 /* PreferencesAdvanceWithApplicationViewController.swift in Sources */,
				22A32B331E334B2E00A5CF38 /* PreferencesAboutViewController.swift in Sources */,
				0BE4C93B20617C6E0001EA0E /* ScrollFilter.swift in Sources */,
				0B6D3B682041A790004CC064 /* WindowManager.swift in Sources */,
				0B12EF1A203AD9C80058B169 /* Options.swift in Sources */,
				228093501E2B5DA90061A00F /* PreferencesGeneralViewController.swift in Sources */,
				0B56DE402568DFDB00B4D9AE /* Archieve.swift in Sources */,
				2278EE9D1E3DFAC8000AB25B /* ExceptionalApplication.swift in Sources */,
				0BB0F1BE20F3A04F00909B7D /* WelcomeWindowController.swift in Sources */,
				22142DA41E25344E00E4BFBF /* AppDelegate.swift in Sources */,
				0B12EF1D203ADD230058B169 /* ScrollUtils.swift in Sources */,
				236B69B1224B79B100DEF435 /* EnhanceArray.swift in Sources */,
			);
			runOnlyForDeploymentPostprocessing = 0;
		};
/* End PBXSourcesBuildPhase section */

/* Begin PBXVariantGroup section */
		22142DA91E25344E00E4BFBF /* Main.storyboard */ = {
			isa = PBXVariantGroup;
			children = (
				22142DAA1E25344E00E4BFBF /* Base */,
				2295D8251E40540200054A5C /* zh-Hans */,
				0B0D5B5A2066195A0077C2AC /* ja */,
				0B0D5B5C206619680077C2AC /* zh-Hant */,
				0B0D5B60206630E80077C2AC /* en */,
				23A61CF9230EF4BC00621E52 /* ru */,
				0BAC4070251651BC00E8A1FD /* tr */,
				0BAC4072251654C500E8A1FD /* ko */,
				0B7C970A253F1C0200B26AF3 /* de */,
				0B6EC89125E8CFFB0073A50B /* zh-Hant-TW */,
				0B6EC89325E8D0160073A50B /* zh-Hant-HK */,
			);
			name = Main.storyboard;
			sourceTree = "<group>";
		};
		2225F8EA1E3B1A5C0020DD22 /* Localizable.strings */ = {
			isa = PBXVariantGroup;
			children = (
				2225F8EB1E3B1A610020DD22 /* zh-Hans */,
				0B0D5B5D2066197B0077C2AC /* ja */,
				0B0D5B5E2066197E0077C2AC /* zh-Hant */,
				0B0D5B61206630EE0077C2AC /* en */,
				23A61CFA230EF4BC00621E52 /* ru */,
				0BAC4071251651BC00E8A1FD /* tr */,
				0BAC4073251654C500E8A1FD /* ko */,
				0B7C970B253F1C0300B26AF3 /* de */,
				0B6EC89225E8CFFB0073A50B /* zh-Hant-TW */,
				0B6EC89425E8D0160073A50B /* zh-Hant-HK */,
			);
			name = Localizable.strings;
			sourceTree = "<group>";
		};
/* End PBXVariantGroup section */

/* Begin XCBuildConfiguration section */
		22142DC31E25344F00E4BFBF /* Debug */ = {
			isa = XCBuildConfiguration;
			buildSettings = {
				ALWAYS_SEARCH_USER_PATHS = NO;
				CLANG_ANALYZER_LOCALIZABILITY_NONLOCALIZED = YES;
				CLANG_ANALYZER_NONNULL = YES;
				CLANG_CXX_LANGUAGE_STANDARD = "compiler-default";
				CLANG_CXX_LIBRARY = "compiler-default";
				CLANG_ENABLE_MODULES = YES;
				CLANG_ENABLE_OBJC_ARC = YES;
				CLANG_WARN_BLOCK_CAPTURE_AUTORELEASING = YES;
				CLANG_WARN_BOOL_CONVERSION = YES;
				CLANG_WARN_COMMA = YES;
				CLANG_WARN_CONSTANT_CONVERSION = YES;
				CLANG_WARN_DEPRECATED_OBJC_IMPLEMENTATIONS = YES;
				CLANG_WARN_DIRECT_OBJC_ISA_USAGE = YES_ERROR;
				CLANG_WARN_DOCUMENTATION_COMMENTS = YES;
				CLANG_WARN_EMPTY_BODY = YES;
				CLANG_WARN_ENUM_CONVERSION = YES;
				CLANG_WARN_INFINITE_RECURSION = YES;
				CLANG_WARN_INT_CONVERSION = YES;
				CLANG_WARN_NON_LITERAL_NULL_CONVERSION = YES;
				CLANG_WARN_OBJC_IMPLICIT_RETAIN_SELF = YES;
				CLANG_WARN_OBJC_LITERAL_CONVERSION = YES;
				CLANG_WARN_OBJC_ROOT_CLASS = YES_ERROR;
				CLANG_WARN_QUOTED_INCLUDE_IN_FRAMEWORK_HEADER = YES;
				CLANG_WARN_RANGE_LOOP_ANALYSIS = YES;
				CLANG_WARN_STRICT_PROTOTYPES = YES;
				CLANG_WARN_SUSPICIOUS_MOVE = YES;
				CLANG_WARN_UNREACHABLE_CODE = YES;
				CLANG_WARN__DUPLICATE_METHOD_MATCH = YES;
				CODE_SIGN_IDENTITY = "-";
				COPY_PHASE_STRIP = YES;
				DEBUG_INFORMATION_FORMAT = dwarf;
				ENABLE_STRICT_OBJC_MSGSEND = YES;
				ENABLE_TESTABILITY = NO;
				GCC_C_LANGUAGE_STANDARD = "compiler-default";
				GCC_DYNAMIC_NO_PIC = NO;
				GCC_NO_COMMON_BLOCKS = YES;
				GCC_OPTIMIZATION_LEVEL = 0;
				GCC_PREPROCESSOR_DEFINITIONS = "";
				GCC_WARN_64_TO_32_BIT_CONVERSION = YES;
				GCC_WARN_ABOUT_RETURN_TYPE = YES_ERROR;
				GCC_WARN_UNDECLARED_SELECTOR = YES;
				GCC_WARN_UNINITIALIZED_AUTOS = YES_AGGRESSIVE;
				GCC_WARN_UNUSED_FUNCTION = YES;
				GCC_WARN_UNUSED_VARIABLE = YES;
				MACOSX_DEPLOYMENT_TARGET = 10.11;
				MTL_ENABLE_DEBUG_INFO = YES;
				ONLY_ACTIVE_ARCH = YES;
				SDKROOT = macosx;
				SWIFT_ACTIVE_COMPILATION_CONDITIONS = DEBUG;
				SWIFT_OPTIMIZATION_LEVEL = "-Onone";
				SWIFT_VERSION = 5.0;
			};
			name = Debug;
		};
		22142DC41E25344F00E4BFBF /* Release */ = {
			isa = XCBuildConfiguration;
			buildSettings = {
				ALWAYS_SEARCH_USER_PATHS = NO;
				CLANG_ANALYZER_LOCALIZABILITY_NONLOCALIZED = YES;
				CLANG_ANALYZER_NONNULL = YES;
				CLANG_CXX_LANGUAGE_STANDARD = "compiler-default";
				CLANG_CXX_LIBRARY = "compiler-default";
				CLANG_ENABLE_MODULES = YES;
				CLANG_ENABLE_OBJC_ARC = YES;
				CLANG_WARN_BLOCK_CAPTURE_AUTORELEASING = YES;
				CLANG_WARN_BOOL_CONVERSION = YES;
				CLANG_WARN_COMMA = YES;
				CLANG_WARN_CONSTANT_CONVERSION = YES;
				CLANG_WARN_DEPRECATED_OBJC_IMPLEMENTATIONS = YES;
				CLANG_WARN_DIRECT_OBJC_ISA_USAGE = YES_ERROR;
				CLANG_WARN_DOCUMENTATION_COMMENTS = YES;
				CLANG_WARN_EMPTY_BODY = YES;
				CLANG_WARN_ENUM_CONVERSION = YES;
				CLANG_WARN_INFINITE_RECURSION = YES;
				CLANG_WARN_INT_CONVERSION = YES;
				CLANG_WARN_NON_LITERAL_NULL_CONVERSION = YES;
				CLANG_WARN_OBJC_IMPLICIT_RETAIN_SELF = YES;
				CLANG_WARN_OBJC_LITERAL_CONVERSION = YES;
				CLANG_WARN_OBJC_ROOT_CLASS = YES_ERROR;
				CLANG_WARN_QUOTED_INCLUDE_IN_FRAMEWORK_HEADER = YES;
				CLANG_WARN_RANGE_LOOP_ANALYSIS = YES;
				CLANG_WARN_STRICT_PROTOTYPES = YES;
				CLANG_WARN_SUSPICIOUS_MOVE = YES;
				CLANG_WARN_UNREACHABLE_CODE = YES;
				CLANG_WARN__DUPLICATE_METHOD_MATCH = YES;
				CODE_SIGN_IDENTITY = "-";
				COPY_PHASE_STRIP = YES;
				DEBUG_INFORMATION_FORMAT = "dwarf-with-dsym";
				ENABLE_NS_ASSERTIONS = NO;
				ENABLE_STRICT_OBJC_MSGSEND = YES;
				ENABLE_TESTABILITY = NO;
				GCC_C_LANGUAGE_STANDARD = "compiler-default";
				GCC_NO_COMMON_BLOCKS = YES;
				GCC_OPTIMIZATION_LEVEL = fast;
				GCC_WARN_64_TO_32_BIT_CONVERSION = YES;
				GCC_WARN_ABOUT_RETURN_TYPE = YES_ERROR;
				GCC_WARN_UNDECLARED_SELECTOR = YES;
				GCC_WARN_UNINITIALIZED_AUTOS = YES_AGGRESSIVE;
				GCC_WARN_UNUSED_FUNCTION = YES;
				GCC_WARN_UNUSED_VARIABLE = YES;
				MACOSX_DEPLOYMENT_TARGET = 10.11;
				MTL_ENABLE_DEBUG_INFO = NO;
				ONLY_ACTIVE_ARCH = NO;
				SDKROOT = macosx;
				SWIFT_COMPILATION_MODE = wholemodule;
				SWIFT_OPTIMIZATION_LEVEL = "-O";
				SWIFT_VERSION = 5.0;
			};
			name = Release;
		};
		22142DC61E25344F00E4BFBF /* Debug */ = {
			isa = XCBuildConfiguration;
			buildSettings = {
				ASSETCATALOG_COMPILER_APPICON_NAME = AppIcon;
				CLANG_CXX_LANGUAGE_STANDARD = "compiler-default";
				CLANG_CXX_LIBRARY = "compiler-default";
				CLANG_ENABLE_MODULES = YES;
				CODE_SIGN_ENTITLEMENTS = "";
				CODE_SIGN_IDENTITY = "-";
				CODE_SIGN_STYLE = Automatic;
				COMBINE_HIDPI_IMAGES = YES;
				CURRENT_PROJECT_VERSION = 2022.09.12;
				DEBUG_INFORMATION_FORMAT = "dwarf-with-dsym";
				DEVELOPMENT_ASSET_PATHS = "";
				DEVELOPMENT_TEAM = 2H959AEV62;
				ENABLE_HARDENED_RUNTIME = NO;
				INFOPLIST_FILE = Mos/Info.plist;
				LD_RUNPATH_SEARCH_PATHS = (
					"$(inherited)",
					"@executable_path/../Frameworks",
				);
				MACOSX_DEPLOYMENT_TARGET = 10.11;
				MARKETING_VERSION = 3.4.0;
				MTL_ENABLE_DEBUG_INFO = NO;
				PRODUCT_BUNDLE_IDENTIFIER = com.caldis.Mos;
				PRODUCT_NAME = "$(TARGET_NAME)";
				PROVISIONING_PROFILE_SPECIFIER = "";
				SDKROOT = macosx;
				SWIFT_ACTIVE_COMPILATION_CONDITIONS = "";
				SWIFT_OPTIMIZATION_LEVEL = "-Onone";
				SWIFT_VERSION = 5.0;
			};
			name = Debug;
		};
		22142DC71E25344F00E4BFBF /* Release */ = {
			isa = XCBuildConfiguration;
			buildSettings = {
				ASSETCATALOG_COMPILER_APPICON_NAME = AppIcon;
				CLANG_CXX_LANGUAGE_STANDARD = "compiler-default";
				CLANG_CXX_LIBRARY = "compiler-default";
				CLANG_ENABLE_MODULES = YES;
				CODE_SIGN_ENTITLEMENTS = "";
				CODE_SIGN_IDENTITY = "-";
				CODE_SIGN_STYLE = Automatic;
				COMBINE_HIDPI_IMAGES = YES;
				CURRENT_PROJECT_VERSION = 2022.09.12;
				DEVELOPMENT_ASSET_PATHS = "";
				DEVELOPMENT_TEAM = 2H959AEV62;
				ENABLE_HARDENED_RUNTIME = NO;
				GCC_OPTIMIZATION_LEVEL = fast;
				INFOPLIST_FILE = Mos/Info.plist;
				LD_RUNPATH_SEARCH_PATHS = (
					"$(inherited)",
					"@executable_path/../Frameworks",
				);
				MACOSX_DEPLOYMENT_TARGET = 10.11;
				MARKETING_VERSION = 3.4.0;
				MTL_ENABLE_DEBUG_INFO = NO;
				PRODUCT_BUNDLE_IDENTIFIER = com.caldis.Mos;
				PRODUCT_NAME = "$(TARGET_NAME)";
				PROVISIONING_PROFILE_SPECIFIER = "";
				SDKROOT = macosx;
				SWIFT_OPTIMIZATION_LEVEL = "-O";
				SWIFT_VERSION = 5.0;
			};
			name = Release;
		};
/* End XCBuildConfiguration section */

/* Begin XCConfigurationList section */
		22142D9B1E25344E00E4BFBF /* Build configuration list for PBXProject "Mos" */ = {
			isa = XCConfigurationList;
			buildConfigurations = (
				22142DC31E25344F00E4BFBF /* Debug */,
				22142DC41E25344F00E4BFBF /* Release */,
			);
			defaultConfigurationIsVisible = 0;
			defaultConfigurationName = Release;
		};
		22142DC51E25344F00E4BFBF /* Build configuration list for PBXNativeTarget "Mos" */ = {
			isa = XCConfigurationList;
			buildConfigurations = (
				22142DC61E25344F00E4BFBF /* Debug */,
				22142DC71E25344F00E4BFBF /* Release */,
			);
			defaultConfigurationIsVisible = 0;
			defaultConfigurationName = Release;
		};
/* End XCConfigurationList section */

/* Begin XCRemoteSwiftPackageReference section */
		0BE5A290253A1168006D61C0 /* XCRemoteSwiftPackageReference "LoginServiceKit" */ = {
			isa = XCRemoteSwiftPackageReference;
			repositoryURL = "https://github.com/Clipy/LoginServiceKit";
			requirement = {
				kind = upToNextMajorVersion;
				minimumVersion = 2.2.0;
			};
		};
		0BE5A294253A119C006D61C0 /* XCRemoteSwiftPackageReference "Charts" */ = {
			isa = XCRemoteSwiftPackageReference;
			repositoryURL = "https://github.com/danielgindi/Charts";
			requirement = {
				kind = upToNextMajorVersion;
				minimumVersion = 3.6.0;
			};
		};
/* End XCRemoteSwiftPackageReference section */

/* Begin XCSwiftPackageProductDependency section */
		0BE5A291253A1168006D61C0 /* LoginServiceKit */ = {
			isa = XCSwiftPackageProductDependency;
			package = 0BE5A290253A1168006D61C0 /* XCRemoteSwiftPackageReference "LoginServiceKit" */;
			productName = LoginServiceKit;
		};
		0BE5A295253A119C006D61C0 /* Charts */ = {
			isa = XCSwiftPackageProductDependency;
			package = 0BE5A294253A119C006D61C0 /* XCRemoteSwiftPackageReference "Charts" */;
			productName = Charts;
		};
/* End XCSwiftPackageProductDependency section */
	};
	rootObject = 22142D981E25344E00E4BFBF /* Project object */;
}
