PODS:
  - Charts (3.5.0):
    - Charts/Core (= 3.5.0)
  - Charts/Core (3.5.0)
  - LoginServiceKit (2.1.0)

DEPENDENCIES:
  - Charts
  - LoginServiceKit (from `https://github.com/Clipy/LoginServiceKit.git`)

SPEC REPOS:
  trunk:
    - Charts

EXTERNAL SOURCES:
  LoginServiceKit:
    :git: https://github.com/Clipy/LoginServiceKit.git

CHECKOUT OPTIONS:
  LoginServiceKit:
    :commit: 01b162248760b5fed4c7bffebee37eb92351b41b
    :git: https://github.com/Clipy/LoginServiceKit.git

SPEC CHECKSUMS:
  Charts: 40a08591df1f8ad5c223ddedfb1a06da92f24f7c
  LoginServiceKit: 9a8b258c3111fa0d9585615052f778b08be92302

PODFILE CHECKSUM: 6a95c26fdf2ffe991455968ab8427eb8fbe380ec

COCOAPODS: 1.9.3
