PODS:
  - Charts (3.6.0):
    - Charts/Core (= 3.6.0)
  - Charts/Core (3.6.0)
  - LoginServiceKit (2.2.0)

DEPENDENCIES:
  - Charts
  - LoginServiceKit (from `https://github.com/Clipy/LoginServiceKit.git`)

SPEC REPOS:
  trunk:
    - Charts

EXTERNAL SOURCES:
  LoginServiceKit:
    :git: https://github.com/Clipy/LoginServiceKit.git

CHECKOUT OPTIONS:
  LoginServiceKit:
    :commit: 5e30783149265c1ff1cd1f7227943b26d47aadf0
    :git: https://github.com/Clipy/LoginServiceKit.git

SPEC CHECKSUMS:
  Charts: b1e3a1f5a1c9ba5394438ca3b91bd8c9076310af
  LoginServiceKit: 3c86ce2f2bcd1e373326839d6d863d8a6a5915b4

PODFILE CHECKSUM: 6a95c26fdf2ffe991455968ab8427eb8fbe380ec

COCOAPODS: 1.9.3
